<?xml version="1.0" encoding="utf-8"?>
<Project ToolsVersion="4.0" xmlns="http://schemas.microsoft.com/developer/msbuild/2003">
  <ItemGroup>
    <Filter Include="ソース ファイル">
      <UniqueIdentifier>{4FC737F1-C7A5-4376-A066-2A32D752A2FF}</UniqueIdentifier>
      <Extensions>cpp;c;cc;cxx;def;odl;idl;hpj;bat;asm;asmx</Extensions>
    </Filter>
    <Filter Include="ヘッダー ファイル">
      <UniqueIdentifier>{93995380-89BD-4b04-88EB-625FBE52EBFB}</UniqueIdentifier>
      <Extensions>h;hh;hpp;hxx;hm;inl;inc;xsd</Extensions>
    </Filter>
    <Filter Include="リソース ファイル">
      <UniqueIdentifier>{67DA6AB6-F800-4c08-8B7A-83BB121AAD01}</UniqueIdentifier>
      <Extensions>rc;ico;cur;bmp;dlg;rc2;rct;bin;rgs;gif;jpg;jpeg;jpe;resx;tiff;tif;png;wav;mfcribbon-ms</Extensions>
    </Filter>
    <Filter Include="ソース ファイル\object">
      <UniqueIdentifier>{caf3ea62-8bb9-4fe2-8c88-728f0a2c5b46}</UniqueIdentifier>
    </Filter>
    <Filter Include="ソース ファイル\mode">
      <UniqueIdentifier>{c6d94ee0-4bed-404d-baa1-4d058aabcab9}</UniqueIdentifier>
    </Filter>
    <Filter Include="ソース ファイル\mode\game">
      <UniqueIdentifier>{75f8c40d-94b5-47aa-9188-734948d568c0}</UniqueIdentifier>
    </Filter>
    <Filter Include="ソース ファイル\mode\title">
      <UniqueIdentifier>{bd321024-2040-48b2-b93d-78f01741043c}</UniqueIdentifier>
    </Filter>
    <Filter Include="ソース ファイル\mode\result">
      <UniqueIdentifier>{b7633126-5493-4019-8c71-92f5c309548d}</UniqueIdentifier>
    </Filter>
    <Filter Include="ソース ファイル\mode\rankking">
      <UniqueIdentifier>{573cc5cd-af64-41d9-a12f-e64063ad19aa}</UniqueIdentifier>
    </Filter>
    <Filter Include="ソース ファイル\mode\tutorial">
      <UniqueIdentifier>{a781a96b-2354-4e2f-ad56-01309d60d8ce}</UniqueIdentifier>
    </Filter>
    <Filter Include="ヘッダー ファイル\object">
      <UniqueIdentifier>{65d1f090-f05c-48ea-95c2-fb785f5a360c}</UniqueIdentifier>
    </Filter>
    <Filter Include="ヘッダー ファイル\mode">
      <UniqueIdentifier>{0ec3d81e-572c-490e-923b-4bb2183e52c8}</UniqueIdentifier>
    </Filter>
    <Filter Include="ヘッダー ファイル\mode\game">
      <UniqueIdentifier>{74dcd81b-a38a-406d-a8d8-13be8bf455da}</UniqueIdentifier>
    </Filter>
    <Filter Include="ヘッダー ファイル\mode\title">
      <UniqueIdentifier>{d4c33c65-cebb-41a6-a84b-c57b3e48d3a0}</UniqueIdentifier>
    </Filter>
    <Filter Include="ヘッダー ファイル\mode\result">
      <UniqueIdentifier>{91d72d70-4882-48a5-905b-6466988bbdd7}</UniqueIdentifier>
    </Filter>
    <Filter Include="ヘッダー ファイル\mode\ranking">
      <UniqueIdentifier>{5f4c3ea1-eaa9-4546-a9e6-28c5810159fc}</UniqueIdentifier>
    </Filter>
    <Filter Include="ヘッダー ファイル\mode\tutorial">
      <UniqueIdentifier>{315d8002-5f52-48be-bfc9-d4a4aa227d37}</UniqueIdentifier>
    </Filter>
    <Filter Include="ソース ファイル\enemy">
      <UniqueIdentifier>{7e3238e6-59e7-461e-9100-8a482ccf17e2}</UniqueIdentifier>
    </Filter>
    <Filter Include="ヘッダー ファイル\enemy">
      <UniqueIdentifier>{c6856d6b-6fd6-4f71-a40a-4771906fa974}</UniqueIdentifier>
    </Filter>
    <Filter Include="ソース ファイル\mesh">
      <UniqueIdentifier>{cd831bb6-312d-4747-a9f2-983495786b00}</UniqueIdentifier>
    </Filter>
    <Filter Include="ヘッダー ファイル\mesh">
      <UniqueIdentifier>{2471248d-48e2-490e-9600-375b59026ff8}</UniqueIdentifier>
    </Filter>
    <Filter Include="ソース ファイル\mode\decideplayer">
      <UniqueIdentifier>{191b5b29-56ac-4d8d-9f3d-2c1b752a83cd}</UniqueIdentifier>
    </Filter>
    <Filter Include="ヘッダー ファイル\mode\decideplayer">
      <UniqueIdentifier>{990471d9-bb16-44df-86d8-b20d6d8b237a}</UniqueIdentifier>
    </Filter>
    <Filter Include="ソース ファイル\player">
      <UniqueIdentifier>{55bf07c4-faf1-44fb-a9c1-33be081fa13d}</UniqueIdentifier>
    </Filter>
    <Filter Include="ヘッダー ファイル\player">
      <UniqueIdentifier>{717598e5-2f37-478a-8b85-3959a0e6e416}</UniqueIdentifier>
    </Filter>
    <Filter Include="ソース ファイル\mode\title\logos">
      <UniqueIdentifier>{95561e4c-9a2a-4180-b126-47018dd4fb03}</UniqueIdentifier>
    </Filter>
    <Filter Include="ヘッダー ファイル\mode\title\logos">
      <UniqueIdentifier>{0542ee3f-e9f5-4796-a92e-85af29a9e997}</UniqueIdentifier>
    </Filter>
    <Filter Include="ランキング触るよ">
      <UniqueIdentifier>{9509972c-4eb0-4652-b547-39881d5a58bb}</UniqueIdentifier>
    </Filter>
    <Filter Include="enemy">
      <UniqueIdentifier>{ac86d4c0-d54a-4a3b-9eae-e9dca4a79c9f}</UniqueIdentifier>
    </Filter>
  </ItemGroup>
  <ItemGroup>
    <ClCompile Include="2D_effect.cpp">
      <Filter>ソース ファイル</Filter>
    </ClCompile>
    <ClCompile Include="3D_effect.cpp">
      <Filter>ソース ファイル</Filter>
    </ClCompile>
    <ClCompile Include="ballast.cpp">
      <Filter>ソース ファイル</Filter>
    </ClCompile>
    <ClCompile Include="bg.cpp">
      <Filter>ソース ファイル</Filter>
    </ClCompile>
    <ClCompile Include="blackframe.cpp">
      <Filter>ソース ファイル</Filter>
    </ClCompile>
    <ClCompile Include="bullet.cpp">
      <Filter>ソース ファイル</Filter>
    </ClCompile>
    <ClCompile Include="bullet_obstacle.cpp">
      <Filter>ソース ファイル</Filter>
    </ClCompile>
    <ClCompile Include="bulletexplosion.cpp">
      <Filter>ソース ファイル</Filter>
    </ClCompile>
    <ClCompile Include="bulletmanager.cpp">
      <Filter>ソース ファイル</Filter>
    </ClCompile>
    <ClCompile Include="calculation.cpp">
      <Filter>ソース ファイル</Filter>
    </ClCompile>
    <ClCompile Include="camera.cpp">
      <Filter>ソース ファイル</Filter>
    </ClCompile>
    <ClCompile Include="debugpointnumber.cpp">
      <Filter>ソース ファイル</Filter>
    </ClCompile>
    <ClCompile Include="debugproc.cpp">
      <Filter>ソース ファイル</Filter>
    </ClCompile>
    <ClCompile Include="edit.cpp">
      <Filter>ソース ファイル</Filter>
    </ClCompile>
    <ClCompile Include="edit_enemybase.cpp">
      <Filter>ソース ファイル</Filter>
    </ClCompile>
    <ClCompile Include="effect_addscore.cpp">
      <Filter>ソース ファイル</Filter>
    </ClCompile>
    <ClCompile Include="effect_enemyspawn.cpp">
      <Filter>ソース ファイル</Filter>
    </ClCompile>
    <ClCompile Include="effect_slashhit.cpp">
      <Filter>ソース ファイル</Filter>
    </ClCompile>
    <ClCompile Include="effect_thunderring.cpp">
      <Filter>ソース ファイル</Filter>
    </ClCompile>
    <ClCompile Include="explosion.cpp">
      <Filter>ソース ファイル</Filter>
    </ClCompile>
    <ClCompile Include="fade.cpp">
      <Filter>ソース ファイル</Filter>
    </ClCompile>
    <ClCompile Include="hp_gauge.cpp">
      <Filter>ソース ファイル</Filter>
    </ClCompile>
    <ClCompile Include="hp_gauge_player.cpp">
      <Filter>ソース ファイル</Filter>
    </ClCompile>
    <ClCompile Include="impactwave.cpp">
      <Filter>ソース ファイル</Filter>
    </ClCompile>
    <ClCompile Include="input.cpp">
      <Filter>ソース ファイル</Filter>
    </ClCompile>
    <ClCompile Include="instantfade.cpp">
      <Filter>ソース ファイル</Filter>
    </ClCompile>
    <ClCompile Include="light.cpp">
      <Filter>ソース ファイル</Filter>
    </ClCompile>
    <ClCompile Include="list.cpp">
      <Filter>ソース ファイル</Filter>
    </ClCompile>
    <ClCompile Include="main.cpp">
      <Filter>ソース ファイル</Filter>
    </ClCompile>
    <ClCompile Include="manager.cpp">
      <Filter>ソース ファイル</Filter>
    </ClCompile>
    <ClCompile Include="map.cpp">
      <Filter>ソース ファイル</Filter>
    </ClCompile>
    <ClCompile Include="model.cpp">
      <Filter>ソース ファイル</Filter>
    </ClCompile>
    <ClCompile Include="motion.cpp">
      <Filter>ソース ファイル</Filter>
    </ClCompile>
    <ClCompile Include="multinumber.cpp">
      <Filter>ソース ファイル</Filter>
    </ClCompile>
    <ClCompile Include="number.cpp">
      <Filter>ソース ファイル</Filter>
    </ClCompile>
    <ClCompile Include="particle.cpp">
      <Filter>ソース ファイル</Filter>
    </ClCompile>
    <ClCompile Include="pause.cpp">
      <Filter>ソース ファイル</Filter>
    </ClCompile>
    <ClCompile Include="precompile.cpp">
      <Filter>ソース ファイル</Filter>
    </ClCompile>
    <ClCompile Include="renderer.cpp">
      <Filter>ソース ファイル</Filter>
    </ClCompile>
    <ClCompile Include="score.cpp">
      <Filter>ソース ファイル</Filter>
    </ClCompile>
    <ClCompile Include="shadow.cpp">
      <Filter>ソース ファイル</Filter>
    </ClCompile>
    <ClCompile Include="sound.cpp">
      <Filter>ソース ファイル</Filter>
    </ClCompile>
    <ClCompile Include="stage.cpp">
      <Filter>ソース ファイル</Filter>
    </ClCompile>
    <ClCompile Include="targetpoint.cpp">
      <Filter>ソース ファイル</Filter>
    </ClCompile>
    <ClCompile Include="texture.cpp">
      <Filter>ソース ファイル</Filter>
    </ClCompile>
    <ClCompile Include="timer.cpp">
      <Filter>ソース ファイル</Filter>
    </ClCompile>
    <ClCompile Include="Xload.cpp">
      <Filter>ソース ファイル</Filter>
    </ClCompile>
    <ClCompile Include="object.cpp">
      <Filter>ソース ファイル\object</Filter>
    </ClCompile>
    <ClCompile Include="object2D.cpp">
      <Filter>ソース ファイル\object</Filter>
    </ClCompile>
    <ClCompile Include="object3D.cpp">
      <Filter>ソース ファイル\object</Filter>
    </ClCompile>
    <ClCompile Include="object3DMesh.cpp">
      <Filter>ソース ファイル\object</Filter>
    </ClCompile>
    <ClCompile Include="objectBillboard.cpp">
      <Filter>ソース ファイル\object</Filter>
    </ClCompile>
    <ClCompile Include="objectChara.cpp">
      <Filter>ソース ファイル\object</Filter>
    </ClCompile>
    <ClCompile Include="objectX.cpp">
      <Filter>ソース ファイル\object</Filter>
    </ClCompile>
    <ClCompile Include="scene.cpp">
      <Filter>ソース ファイル\mode</Filter>
    </ClCompile>
    <ClCompile Include="game.cpp">
      <Filter>ソース ファイル\mode\game</Filter>
    </ClCompile>
    <ClCompile Include="gamemanager.cpp">
      <Filter>ソース ファイル\mode\game</Filter>
    </ClCompile>
    <ClCompile Include="result.cpp">
      <Filter>ソース ファイル\mode\result</Filter>
    </ClCompile>
    <ClCompile Include="resultmanager.cpp">
      <Filter>ソース ファイル\mode\result</Filter>
    </ClCompile>
    <ClCompile Include="resultscore.cpp">
      <Filter>ソース ファイル\mode\result</Filter>
    </ClCompile>
    <ClCompile Include="tutorial.cpp">
      <Filter>ソース ファイル\mode\tutorial</Filter>
    </ClCompile>
    <ClCompile Include="tutorialplayer.cpp">
      <Filter>ソース ファイル\mode\tutorial</Filter>
    </ClCompile>
    <ClCompile Include="tutorialstep.cpp">
      <Filter>ソース ファイル\mode\tutorial</Filter>
    </ClCompile>
    <ClCompile Include="tutorialwindow.cpp">
      <Filter>ソース ファイル\mode\tutorial</Filter>
    </ClCompile>
    <ClCompile Include="meshcylinder.cpp">
      <Filter>ソース ファイル\mesh</Filter>
    </ClCompile>
    <ClCompile Include="meshdome.cpp">
      <Filter>ソース ファイル\mesh</Filter>
    </ClCompile>
    <ClCompile Include="meshfield.cpp">
      <Filter>ソース ファイル\mesh</Filter>
    </ClCompile>
    <ClCompile Include="meshsphere.cpp">
      <Filter>ソース ファイル\mesh</Filter>
    </ClCompile>
    <ClCompile Include="meshwall.cpp">
      <Filter>ソース ファイル\mesh</Filter>
    </ClCompile>
    <ClCompile Include="elevation.cpp">
      <Filter>ソース ファイル\mesh</Filter>
    </ClCompile>
    <ClCompile Include="listmanager.cpp">
      <Filter>ソース ファイル</Filter>
    </ClCompile>
    <ClCompile Include="collision.cpp">
      <Filter>ソース ファイル</Filter>
    </ClCompile>
    <ClCompile Include="item.cpp">
      <Filter>ソース ファイル</Filter>
    </ClCompile>
    <ClCompile Include="decideplayer.cpp">
      <Filter>ソース ファイル\mode\decideplayer</Filter>
    </ClCompile>
    <ClCompile Include="decideplayer_screen.cpp">
      <Filter>ソース ファイル\mode\decideplayer</Filter>
    </ClCompile>
    <ClCompile Include="decidecharacter.cpp">
      <Filter>ソース ファイル\mode\decideplayer</Filter>
    </ClCompile>
    <ClCompile Include="cursor.cpp">
      <Filter>ソース ファイル</Filter>
    </ClCompile>
    <ClCompile Include="injectiontable.cpp">
      <Filter>ソース ファイル</Filter>
    </ClCompile>
    <ClCompile Include="number_2D.cpp">
      <Filter>ソース ファイル</Filter>
    </ClCompile>
    <ClCompile Include="number_Billboard.cpp">
      <Filter>ソース ファイル</Filter>
    </ClCompile>
    <ClCompile Include="stagecleartext.cpp">
      <Filter>ソース ファイル</Filter>
    </ClCompile>
    <ClCompile Include="fog.cpp">
      <Filter>ソース ファイル</Filter>
    </ClCompile>
    <ClCompile Include="compactcore.cpp">
      <Filter>ソース ファイル</Filter>
    </ClCompile>
    <ClCompile Include="player.cpp">
      <Filter>ソース ファイル\player</Filter>
    </ClCompile>
    <ClCompile Include="player_union.cpp">
      <Filter>ソース ファイル\player</Filter>
    </ClCompile>
    <ClCompile Include="union_armtoarm.cpp">
      <Filter>ソース ファイル\player</Filter>
    </ClCompile>
    <ClCompile Include="union_bodytoarm.cpp">
      <Filter>ソース ファイル\player</Filter>
    </ClCompile>
    <ClCompile Include="union_bodytoleg.cpp">
      <Filter>ソース ファイル\player</Filter>
    </ClCompile>
    <ClCompile Include="union_legtoarm.cpp">
      <Filter>ソース ファイル\player</Filter>
    </ClCompile>
    <ClCompile Include="title.cpp">
      <Filter>ソース ファイル\mode\title</Filter>
    </ClCompile>
    <ClCompile Include="logo.cpp">
      <Filter>ソース ファイル\mode\title\logos</Filter>
    </ClCompile>
    <ClCompile Include="logo_complete.cpp">
      <Filter>ソース ファイル\mode\title\logos</Filter>
    </ClCompile>
    <ClCompile Include="logo_mechanion.cpp">
      <Filter>ソース ファイル\mode\title\logos</Filter>
    </ClCompile>
    <ClCompile Include="logo_mekanion.cpp">
      <Filter>ソース ファイル\mode\title\logos</Filter>
    </ClCompile>
    <ClCompile Include="logo_squadron.cpp">
      <Filter>ソース ファイル\mode\title\logos</Filter>
    </ClCompile>
    <ClCompile Include="title_logo.cpp">
      <Filter>ソース ファイル\mode\title\logos</Filter>
    </ClCompile>
    <ClCompile Include="player_title.cpp">
      <Filter>ソース ファイル\mode\title</Filter>
    </ClCompile>
    <ClCompile Include="object_circlegauge2D.cpp">
      <Filter>ソース ファイル\object</Filter>
    </ClCompile>
    <ClCompile Include="statuswindow.cpp">
      <Filter>ソース ファイル</Filter>
    </ClCompile>
    <ClCompile Include="statuswindow_base.cpp">
      <Filter>ソース ファイル</Filter>
    </ClCompile>
    <ClCompile Include="ranking.cpp">
      <Filter>ランキング触るよ</Filter>
    </ClCompile>
    <ClCompile Include="rankingmanager.cpp">
      <Filter>ランキング触るよ</Filter>
    </ClCompile>
    <ClCompile Include="rankingscore.cpp">
      <Filter>ランキング触るよ</Filter>
    </ClCompile>
    <ClCompile Include="enemy.cpp">
      <Filter>enemy</Filter>
    </ClCompile>
    <ClCompile Include="enemy_fly.cpp">
      <Filter>enemy</Filter>
    </ClCompile>
    <ClCompile Include="enemy_papion.cpp">
      <Filter>enemy</Filter>
    </ClCompile>
    <ClCompile Include="enemybase.cpp">
      <Filter>enemy</Filter>
    </ClCompile>
    <ClCompile Include="enemymanager.cpp">
      <Filter>enemy</Filter>
    </ClCompile>
    <ClCompile Include="enemy_test.cpp">
      <Filter>enemy</Filter>
    </ClCompile>
    <ClCompile Include="model_skin.cpp">
      <Filter>ソース ファイル</Filter>
    </ClCompile>
  </ItemGroup>
  <ItemGroup>
    <ClInclude Include="2D_effect.h">
      <Filter>ヘッダー ファイル</Filter>
    </ClInclude>
    <ClInclude Include="3D_effect.h">
      <Filter>ヘッダー ファイル</Filter>
    </ClInclude>
    <ClInclude Include="ballast.h">
      <Filter>ヘッダー ファイル</Filter>
    </ClInclude>
    <ClInclude Include="bg.h">
      <Filter>ヘッダー ファイル</Filter>
    </ClInclude>
    <ClInclude Include="blackframe.h">
      <Filter>ヘッダー ファイル</Filter>
    </ClInclude>
    <ClInclude Include="bullet.h">
      <Filter>ヘッダー ファイル</Filter>
    </ClInclude>
    <ClInclude Include="bullet_obstacle.h">
      <Filter>ヘッダー ファイル</Filter>
    </ClInclude>
    <ClInclude Include="bulletexplosion.h">
      <Filter>ヘッダー ファイル</Filter>
    </ClInclude>
    <ClInclude Include="bulletmanager.h">
      <Filter>ヘッダー ファイル</Filter>
    </ClInclude>
    <ClInclude Include="calculation.h">
      <Filter>ヘッダー ファイル</Filter>
    </ClInclude>
    <ClInclude Include="camera.h">
      <Filter>ヘッダー ファイル</Filter>
    </ClInclude>
    <ClInclude Include="constans.h">
      <Filter>ヘッダー ファイル</Filter>
    </ClInclude>
    <ClInclude Include="debugpointnumber.h">
      <Filter>ヘッダー ファイル</Filter>
    </ClInclude>
    <ClInclude Include="debugproc.h">
      <Filter>ヘッダー ファイル</Filter>
    </ClInclude>
    <ClInclude Include="edit.h">
      <Filter>ヘッダー ファイル</Filter>
    </ClInclude>
    <ClInclude Include="edit_enemybase.h">
      <Filter>ヘッダー ファイル</Filter>
    </ClInclude>
    <ClInclude Include="effect_addscore.h">
      <Filter>ヘッダー ファイル</Filter>
    </ClInclude>
    <ClInclude Include="effect_enemyspawn.h">
      <Filter>ヘッダー ファイル</Filter>
    </ClInclude>
    <ClInclude Include="effect_slashhit.h">
      <Filter>ヘッダー ファイル</Filter>
    </ClInclude>
    <ClInclude Include="effect_thunderring.h">
      <Filter>ヘッダー ファイル</Filter>
    </ClInclude>
    <ClInclude Include="explosion.h">
      <Filter>ヘッダー ファイル</Filter>
    </ClInclude>
    <ClInclude Include="fade.h">
      <Filter>ヘッダー ファイル</Filter>
    </ClInclude>
    <ClInclude Include="hp_gauge.h">
      <Filter>ヘッダー ファイル</Filter>
    </ClInclude>
    <ClInclude Include="hp_gauge_player.h">
      <Filter>ヘッダー ファイル</Filter>
    </ClInclude>
    <ClInclude Include="input.h">
      <Filter>ヘッダー ファイル</Filter>
    </ClInclude>
    <ClInclude Include="instantfade.h">
      <Filter>ヘッダー ファイル</Filter>
    </ClInclude>
    <ClInclude Include="light.h">
      <Filter>ヘッダー ファイル</Filter>
    </ClInclude>
    <ClInclude Include="list.h">
      <Filter>ヘッダー ファイル</Filter>
    </ClInclude>
    <ClInclude Include="main.h">
      <Filter>ヘッダー ファイル</Filter>
    </ClInclude>
    <ClInclude Include="manager.h">
      <Filter>ヘッダー ファイル</Filter>
    </ClInclude>
    <ClInclude Include="map.h">
      <Filter>ヘッダー ファイル</Filter>
    </ClInclude>
    <ClInclude Include="model.h">
      <Filter>ヘッダー ファイル</Filter>
    </ClInclude>
    <ClInclude Include="motion.h">
      <Filter>ヘッダー ファイル</Filter>
    </ClInclude>
    <ClInclude Include="multinumber.h">
      <Filter>ヘッダー ファイル</Filter>
    </ClInclude>
    <ClInclude Include="number.h">
      <Filter>ヘッダー ファイル</Filter>
    </ClInclude>
    <ClInclude Include="particle.h">
      <Filter>ヘッダー ファイル</Filter>
    </ClInclude>
    <ClInclude Include="pause.h">
      <Filter>ヘッダー ファイル</Filter>
    </ClInclude>
    <ClInclude Include="precompile.h">
      <Filter>ヘッダー ファイル</Filter>
    </ClInclude>
    <ClInclude Include="renderer.h">
      <Filter>ヘッダー ファイル</Filter>
    </ClInclude>
    <ClInclude Include="score.h">
      <Filter>ヘッダー ファイル</Filter>
    </ClInclude>
    <ClInclude Include="shadow.h">
      <Filter>ヘッダー ファイル</Filter>
    </ClInclude>
    <ClInclude Include="sound.h">
      <Filter>ヘッダー ファイル</Filter>
    </ClInclude>
    <ClInclude Include="stage.h">
      <Filter>ヘッダー ファイル</Filter>
    </ClInclude>
    <ClInclude Include="targetpoint.h">
      <Filter>ヘッダー ファイル</Filter>
    </ClInclude>
    <ClInclude Include="texture.h">
      <Filter>ヘッダー ファイル</Filter>
    </ClInclude>
    <ClInclude Include="timer.h">
      <Filter>ヘッダー ファイル</Filter>
    </ClInclude>
    <ClInclude Include="Xload.h">
      <Filter>ヘッダー ファイル</Filter>
    </ClInclude>
    <ClInclude Include="object.h">
      <Filter>ヘッダー ファイル\object</Filter>
    </ClInclude>
    <ClInclude Include="object2D.h">
      <Filter>ヘッダー ファイル\object</Filter>
    </ClInclude>
    <ClInclude Include="object3D.h">
      <Filter>ヘッダー ファイル\object</Filter>
    </ClInclude>
    <ClInclude Include="object3DMesh.h">
      <Filter>ヘッダー ファイル\object</Filter>
    </ClInclude>
    <ClInclude Include="objectBillboard.h">
      <Filter>ヘッダー ファイル\object</Filter>
    </ClInclude>
    <ClInclude Include="objectChara.h">
      <Filter>ヘッダー ファイル\object</Filter>
    </ClInclude>
    <ClInclude Include="objectX.h">
      <Filter>ヘッダー ファイル\object</Filter>
    </ClInclude>
    <ClInclude Include="game.h">
      <Filter>ヘッダー ファイル\mode\game</Filter>
    </ClInclude>
    <ClInclude Include="gamemanager.h">
      <Filter>ヘッダー ファイル\mode\game</Filter>
    </ClInclude>
    <ClInclude Include="tutorial.h">
      <Filter>ヘッダー ファイル\mode\tutorial</Filter>
    </ClInclude>
    <ClInclude Include="tutorialplayer.h">
      <Filter>ヘッダー ファイル\mode\tutorial</Filter>
    </ClInclude>
    <ClInclude Include="tutorialstep.h">
      <Filter>ヘッダー ファイル\mode\tutorial</Filter>
    </ClInclude>
    <ClInclude Include="tutorialwindow.h">
      <Filter>ヘッダー ファイル\mode\tutorial</Filter>
    </ClInclude>
    <ClInclude Include="result.h">
      <Filter>ヘッダー ファイル\mode\result</Filter>
    </ClInclude>
    <ClInclude Include="resultmanager.h">
      <Filter>ヘッダー ファイル\mode\result</Filter>
    </ClInclude>
    <ClInclude Include="resultscore.h">
      <Filter>ヘッダー ファイル\mode\result</Filter>
    </ClInclude>
    <ClInclude Include="meshcylinder.h">
      <Filter>ヘッダー ファイル\mesh</Filter>
    </ClInclude>
    <ClInclude Include="meshdome.h">
      <Filter>ヘッダー ファイル\mesh</Filter>
    </ClInclude>
    <ClInclude Include="meshfield.h">
      <Filter>ヘッダー ファイル\mesh</Filter>
    </ClInclude>
    <ClInclude Include="meshsphere.h">
      <Filter>ヘッダー ファイル\mesh</Filter>
    </ClInclude>
    <ClInclude Include="meshwall.h">
      <Filter>ヘッダー ファイル\mesh</Filter>
    </ClInclude>
    <ClInclude Include="elevation.h">
      <Filter>ヘッダー ファイル\mesh</Filter>
    </ClInclude>
    <ClInclude Include="impactwave.h">
      <Filter>ヘッダー ファイル\mesh</Filter>
    </ClInclude>
    <ClInclude Include="listmanager.h">
      <Filter>ヘッダー ファイル</Filter>
    </ClInclude>
    <ClInclude Include="collision.h">
      <Filter>ヘッダー ファイル</Filter>
    </ClInclude>
    <ClInclude Include="scene.h">
      <Filter>ヘッダー ファイル\mode</Filter>
    </ClInclude>
    <ClInclude Include="item.h">
      <Filter>ヘッダー ファイル</Filter>
    </ClInclude>
    <ClInclude Include="decideplayer.h">
      <Filter>ヘッダー ファイル\mode\decideplayer</Filter>
    </ClInclude>
    <ClInclude Include="decideplayer_screen.h">
      <Filter>ヘッダー ファイル\mode\decideplayer</Filter>
    </ClInclude>
    <ClInclude Include="decidecharacter.h">
      <Filter>ヘッダー ファイル\mode\decideplayer</Filter>
    </ClInclude>
    <ClInclude Include="cursor.h">
      <Filter>ヘッダー ファイル</Filter>
    </ClInclude>
    <ClInclude Include="injectiontable.h">
      <Filter>ヘッダー ファイル</Filter>
    </ClInclude>
    <ClInclude Include="number_2D.h">
      <Filter>ヘッダー ファイル</Filter>
    </ClInclude>
    <ClInclude Include="number_Billboard.h">
      <Filter>ヘッダー ファイル</Filter>
    </ClInclude>
    <ClInclude Include="stagecleartext.h">
      <Filter>ヘッダー ファイル</Filter>
    </ClInclude>
    <ClInclude Include="fog.h">
      <Filter>ヘッダー ファイル</Filter>
    </ClInclude>
    <ClInclude Include="compactcore.h">
      <Filter>ヘッダー ファイル</Filter>
    </ClInclude>
    <ClInclude Include="union_legtoarm.h">
      <Filter>ヘッダー ファイル\player</Filter>
    </ClInclude>
    <ClInclude Include="union_bodytoleg.h">
      <Filter>ヘッダー ファイル\player</Filter>
    </ClInclude>
    <ClInclude Include="union_bodytoarm.h">
      <Filter>ヘッダー ファイル\player</Filter>
    </ClInclude>
    <ClInclude Include="union_armtoarm.h">
      <Filter>ヘッダー ファイル\player</Filter>
    </ClInclude>
    <ClInclude Include="player_union.h">
      <Filter>ヘッダー ファイル\player</Filter>
    </ClInclude>
    <ClInclude Include="player.h">
      <Filter>ヘッダー ファイル\player</Filter>
    </ClInclude>
    <ClInclude Include="title.h">
      <Filter>ヘッダー ファイル\mode\title</Filter>
    </ClInclude>
    <ClInclude Include="logo.h">
      <Filter>ヘッダー ファイル\mode\title\logos</Filter>
    </ClInclude>
    <ClInclude Include="logo_complete.h">
      <Filter>ヘッダー ファイル\mode\title\logos</Filter>
    </ClInclude>
    <ClInclude Include="logo_mechanion.h">
      <Filter>ヘッダー ファイル\mode\title\logos</Filter>
    </ClInclude>
    <ClInclude Include="logo_mekanion.h">
      <Filter>ヘッダー ファイル\mode\title\logos</Filter>
    </ClInclude>
    <ClInclude Include="logo_squadron.h">
      <Filter>ヘッダー ファイル\mode\title\logos</Filter>
    </ClInclude>
    <ClInclude Include="title_logo.h">
      <Filter>ヘッダー ファイル\mode\title\logos</Filter>
    </ClInclude>
    <ClInclude Include="player_title.h">
      <Filter>ヘッダー ファイル\mode\title</Filter>
    </ClInclude>
    <ClInclude Include="object_circlegauge2D.h">
      <Filter>ヘッダー ファイル\object</Filter>
    </ClInclude>
    <ClInclude Include="statuswindow.h">
      <Filter>ヘッダー ファイル</Filter>
    </ClInclude>
    <ClInclude Include="statuswindow_base.h">
      <Filter>ヘッダー ファイル</Filter>
    </ClInclude>
    <ClInclude Include="ranking.h">
      <Filter>ランキング触るよ</Filter>
    </ClInclude>
    <ClInclude Include="rankingmanager.h">
      <Filter>ランキング触るよ</Filter>
    </ClInclude>
    <ClInclude Include="rankingscore.h">
      <Filter>ランキング触るよ</Filter>
    </ClInclude>
    <ClInclude Include="enemy.h">
      <Filter>enemy</Filter>
    </ClInclude>
    <ClInclude Include="enemy_fly.h">
      <Filter>enemy</Filter>
    </ClInclude>
    <ClInclude Include="enemy_papion.h">
      <Filter>enemy</Filter>
    </ClInclude>
    <ClInclude Include="enemybase.h">
      <Filter>enemy</Filter>
    </ClInclude>
    <ClInclude Include="enemymanager.h">
      <Filter>enemy</Filter>
    </ClInclude>
    <ClInclude Include="enemy_test.h">
      <Filter>enemy</Filter>
    </ClInclude>
    <ClInclude Include="model_skin.h">
      <Filter>ヘッダー ファイル</Filter>
    </ClInclude>
  </ItemGroup>
</Project>